// !$*UTF8*$!
{
	archiveVersion = 1;
	classes = {
	};
	objectVersion = 56;
	objects = {

/* Begin PBXBuildFile section */
		3F7D331B2A030503003532EB /* FavoritePlacesTestApp.swift in Sources */ = {isa = PBXBuildFile; fileRef = 3F7D331A2A030503003532EB /* FavoritePlacesTestApp.swift */; };
		3F7D331D2A030503003532EB /* ContentView.swift in Sources */ = {isa = PBXBuildFile; fileRef = 3F7D331C2A030503003532EB /* ContentView.swift */; };
		3F7D331F2A030504003532EB /* Assets.xcassets in Resources */ = {isa = PBXBuildFile; fileRef = 3F7D331E2A030504003532EB /* Assets.xcassets */; };
		3F7D33232A030504003532EB /* Preview Assets.xcassets in Resources */ = {isa = PBXBuildFile; fileRef = 3F7D33222A030504003532EB /* Preview Assets.xcassets */; };
		3F82296C2A04470300662A00 /* PlaceViewModel.swift in Sources */ = {isa = PBXBuildFile; fileRef = 3F82296B2A04470300662A00 /* PlaceViewModel.swift */; };
		3F8229702A04473100662A00 /* AddPlaceVM.swift in Sources */ = {isa = PBXBuildFile; fileRef = 3F82296F2A04473100662A00 /* AddPlaceVM.swift */; };
		3F8229722A044E2C00662A00 /* PlacesListVM.swift in Sources */ = {isa = PBXBuildFile; fileRef = 3F8229712A044E2C00662A00 /* PlacesListVM.swift */; };
		3F8229752A04558500662A00 /* AddPlaceView.swift in Sources */ = {isa = PBXBuildFile; fileRef = 3F8229742A04558500662A00 /* AddPlaceView.swift */; };
		3F8229772A04F30000662A00 /* HomeView.swift in Sources */ = {isa = PBXBuildFile; fileRef = 3F8229762A04F30000662A00 /* HomeView.swift */; };
		3F8229792A0571A500662A00 /* LazyView.swift in Sources */ = {isa = PBXBuildFile; fileRef = 3F8229782A0571A500662A00 /* LazyView.swift */; };
		3F82297B2A057B0A00662A00 /* LocationManager.swift in Sources */ = {isa = PBXBuildFile; fileRef = 3F82297A2A057B0A00662A00 /* LocationManager.swift */; };
		3F82297E2A0583A600662A00 /* FavoritePlacesTest.xcdatamodeld in Sources */ = {isa = PBXBuildFile; fileRef = 3F82297C2A0583A600662A00 /* FavoritePlacesTest.xcdatamodeld */; };
		3F8229802A05855F00662A00 /* CoreDataManager.swift in Sources */ = {isa = PBXBuildFile; fileRef = 3F82297F2A05855F00662A00 /* CoreDataManager.swift */; };
		3F8229822A059BEC00662A00 /* PlaceDetailView.swift in Sources */ = {isa = PBXBuildFile; fileRef = 3F8229812A059BEC00662A00 /* PlaceDetailView.swift */; };
		3F8229892A07C0FE00662A00 /* CarouselMapView.swift in Sources */ = {isa = PBXBuildFile; fileRef = 3F8229882A07C0FE00662A00 /* CarouselMapView.swift */; };
		3F82298B2A07C4D500662A00 /* LookAroundView.swift in Sources */ = {isa = PBXBuildFile; fileRef = 3F82298A2A07C4D500662A00 /* LookAroundView.swift */; };
		3F82298D2A07C97A00662A00 /* TurnAroundView.swift in Sources */ = {isa = PBXBuildFile; fileRef = 3F82298C2A07C97A00662A00 /* TurnAroundView.swift */; };
		3F82298F2A07C9AB00662A00 /* MapViewRepresentable.swift in Sources */ = {isa = PBXBuildFile; fileRef = 3F82298E2A07C9AB00662A00 /* MapViewRepresentable.swift */; };
		3F8229932A07CE5C00662A00 /* MapView.swift in Sources */ = {isa = PBXBuildFile; fileRef = 3F8229922A07CE5C00662A00 /* MapView.swift */; };
/* End PBXBuildFile section */

/* Begin PBXFileReference section */
		3F7D33172A030503003532EB /* FavoritePlacesTest.app */ = {isa = PBXFileReference; explicitFileType = wrapper.application; includeInIndex = 0; path = FavoritePlacesTest.app; sourceTree = BUILT_PRODUCTS_DIR; };
		3F7D331A2A030503003532EB /* FavoritePlacesTestApp.swift */ = {isa = PBXFileReference; lastKnownFileType = sourcecode.swift; path = FavoritePlacesTestApp.swift; sourceTree = "<group>"; };
		3F7D331C2A030503003532EB /* ContentView.swift */ = {isa = PBXFileReference; lastKnownFileType = sourcecode.swift; path = ContentView.swift; sourceTree = "<group>"; };
		3F7D331E2A030504003532EB /* Assets.xcassets */ = {isa = PBXFileReference; lastKnownFileType = folder.assetcatalog; path = Assets.xcassets; sourceTree = "<group>"; };
		3F7D33202A030504003532EB /* FavoritePlacesTest.entitlements */ = {isa = PBXFileReference; lastKnownFileType = text.plist.entitlements; path = FavoritePlacesTest.entitlements; sourceTree = "<group>"; };
		3F7D33222A030504003532EB /* Preview Assets.xcassets */ = {isa = PBXFileReference; lastKnownFileType = folder.assetcatalog; path = "Preview Assets.xcassets"; sourceTree = "<group>"; };
		3F82296B2A04470300662A00 /* PlaceViewModel.swift */ = {isa = PBXFileReference; lastKnownFileType = sourcecode.swift; path = PlaceViewModel.swift; sourceTree = "<group>"; };
		3F82296F2A04473100662A00 /* AddPlaceVM.swift */ = {isa = PBXFileReference; lastKnownFileType = sourcecode.swift; path = AddPlaceVM.swift; sourceTree = "<group>"; };
		3F8229712A044E2C00662A00 /* PlacesListVM.swift */ = {isa = PBXFileReference; lastKnownFileType = sourcecode.swift; path = PlacesListVM.swift; sourceTree = "<group>"; };
		3F8229742A04558500662A00 /* AddPlaceView.swift */ = {isa = PBXFileReference; lastKnownFileType = sourcecode.swift; path = AddPlaceView.swift; sourceTree = "<group>"; };
		3F8229762A04F30000662A00 /* HomeView.swift */ = {isa = PBXFileReference; lastKnownFileType = sourcecode.swift; path = HomeView.swift; sourceTree = "<group>"; };
		3F8229782A0571A500662A00 /* LazyView.swift */ = {isa = PBXFileReference; lastKnownFileType = sourcecode.swift; path = LazyView.swift; sourceTree = "<group>"; };
		3F82297A2A057B0A00662A00 /* LocationManager.swift */ = {isa = PBXFileReference; lastKnownFileType = sourcecode.swift; path = LocationManager.swift; sourceTree = "<group>"; };
		3F82297D2A0583A600662A00 /* FavoritePlacesTest.xcdatamodel */ = {isa = PBXFileReference; lastKnownFileType = wrapper.xcdatamodel; path = FavoritePlacesTest.xcdatamodel; sourceTree = "<group>"; };
		3F82297F2A05855F00662A00 /* CoreDataManager.swift */ = {isa = PBXFileReference; lastKnownFileType = sourcecode.swift; path = CoreDataManager.swift; sourceTree = "<group>"; };
		3F8229812A059BEC00662A00 /* PlaceDetailView.swift */ = {isa = PBXFileReference; lastKnownFileType = sourcecode.swift; path = PlaceDetailView.swift; sourceTree = "<group>"; };
		3F8229882A07C0FE00662A00 /* CarouselMapView.swift */ = {isa = PBXFileReference; lastKnownFileType = sourcecode.swift; path = CarouselMapView.swift; sourceTree = "<group>"; };
		3F82298A2A07C4D500662A00 /* LookAroundView.swift */ = {isa = PBXFileReference; lastKnownFileType = sourcecode.swift; path = LookAroundView.swift; sourceTree = "<group>"; };
		3F82298C2A07C97A00662A00 /* TurnAroundView.swift */ = {isa = PBXFileReference; lastKnownFileType = sourcecode.swift; path = TurnAroundView.swift; sourceTree = "<group>"; };
		3F82298E2A07C9AB00662A00 /* MapViewRepresentable.swift */ = {isa = PBXFileReference; lastKnownFileType = sourcecode.swift; path = MapViewRepresentable.swift; sourceTree = "<group>"; };
		3F8229922A07CE5C00662A00 /* MapView.swift */ = {isa = PBXFileReference; lastKnownFileType = sourcecode.swift; path = MapView.swift; sourceTree = "<group>"; };
/* End PBXFileReference section */

/* Begin PBXFrameworksBuildPhase section */
		3F7D33142A030503003532EB /* Frameworks */ = {
			isa = PBXFrameworksBuildPhase;
			buildActionMask = 2147483647;
			files = (
			);
			runOnlyForDeploymentPostprocessing = 0;
		};
/* End PBXFrameworksBuildPhase section */

/* Begin PBXGroup section */
		3F7D330E2A030503003532EB = {
			isa = PBXGroup;
			children = (
				3F8229832A05B66700662A00 /* CoreData */,
				3F7D33192A030503003532EB /* FavoritePlacesTest */,
				3F7D33182A030503003532EB /* Products */,
			);
			sourceTree = "<group>";
		};
		3F7D33182A030503003532EB /* Products */ = {
			isa = PBXGroup;
			children = (
				3F7D33172A030503003532EB /* FavoritePlacesTest.app */,
			);
			name = Products;
			sourceTree = "<group>";
		};
		3F7D33192A030503003532EB /* FavoritePlacesTest */ = {
			isa = PBXGroup;
			children = (
				3F8229732A0454F500662A00 /* Views */,
				3F82296A2A0446E500662A00 /* VievModels */,
				3F7D331A2A030503003532EB /* FavoritePlacesTestApp.swift */,
				3F7D331E2A030504003532EB /* Assets.xcassets */,
				3F7D33202A030504003532EB /* FavoritePlacesTest.entitlements */,
				3F7D33212A030504003532EB /* Preview Content */,
			);
			path = FavoritePlacesTest;
			sourceTree = "<group>";
		};
		3F7D33212A030504003532EB /* Preview Content */ = {
			isa = PBXGroup;
			children = (
				3F7D33222A030504003532EB /* Preview Assets.xcassets */,
			);
			path = "Preview Content";
			sourceTree = "<group>";
		};
		3F82296A2A0446E500662A00 /* VievModels */ = {
			isa = PBXGroup;
			children = (
				3F82296B2A04470300662A00 /* PlaceViewModel.swift */,
				3F82296F2A04473100662A00 /* AddPlaceVM.swift */,
				3F8229712A044E2C00662A00 /* PlacesListVM.swift */,
			);
			path = VievModels;
			sourceTree = "<group>";
		};
		3F8229732A0454F500662A00 /* Views */ = {
			isa = PBXGroup;
			children = (
				3F8229812A059BEC00662A00 /* PlaceDetailView.swift */,
				3F7D331C2A030503003532EB /* ContentView.swift */,
				3F8229782A0571A500662A00 /* LazyView.swift */,
				3F8229742A04558500662A00 /* AddPlaceView.swift */,
				3F8229762A04F30000662A00 /* HomeView.swift */,
				3F8229882A07C0FE00662A00 /* CarouselMapView.swift */,
				3F82298C2A07C97A00662A00 /* TurnAroundView.swift */,
				3F82298E2A07C9AB00662A00 /* MapViewRepresentable.swift */,
				3F8229922A07CE5C00662A00 /* MapView.swift */,
			);
			path = Views;
			sourceTree = "<group>";
		};
		3F8229832A05B66700662A00 /* CoreData */ = {
			isa = PBXGroup;
			children = (
				3F82297F2A05855F00662A00 /* CoreDataManager.swift */,
				3F82297C2A0583A600662A00 /* FavoritePlacesTest.xcdatamodeld */,
				3F82297A2A057B0A00662A00 /* LocationManager.swift */,
				3F82298A2A07C4D500662A00 /* LookAroundView.swift */,
			);
			path = CoreData;
			sourceTree = "<group>";
		};
/* End PBXGroup section */

/* Begin PBXNativeTarget section */
		3F7D33162A030503003532EB /* FavoritePlacesTest */ = {
			isa = PBXNativeTarget;
			buildConfigurationList = 3F7D33262A030504003532EB /* Build configuration list for PBXNativeTarget "FavoritePlacesTest" */;
			buildPhases = (
				3F7D33132A030503003532EB /* Sources */,
				3F7D33142A030503003532EB /* Frameworks */,
				3F7D33152A030503003532EB /* Resources */,
			);
			buildRules = (
			);
			dependencies = (
			);
			name = FavoritePlacesTest;
			productName = FavoritePlacesTest;
			productReference = 3F7D33172A030503003532EB /* FavoritePlacesTest.app */;
			productType = "com.apple.product-type.application";
		};
/* End PBXNativeTarget section */

/* Begin PBXProject section */
		3F7D330F2A030503003532EB /* Project object */ = {
			isa = PBXProject;
			attributes = {
				BuildIndependentTargetsInParallel = 1;
				LastSwiftUpdateCheck = 1430;
				LastUpgradeCheck = 1430;
				TargetAttributes = {
					3F7D33162A030503003532EB = {
						CreatedOnToolsVersion = 14.3;
					};
				};
			};
			buildConfigurationList = 3F7D33122A030503003532EB /* Build configuration list for PBXProject "FavoritePlacesTest" */;
			compatibilityVersion = "Xcode 14.0";
			developmentRegion = en;
			hasScannedForEncodings = 0;
			knownRegions = (
				en,
				Base,
			);
			mainGroup = 3F7D330E2A030503003532EB;
			productRefGroup = 3F7D33182A030503003532EB /* Products */;
			projectDirPath = "";
			projectRoot = "";
			targets = (
				3F7D33162A030503003532EB /* FavoritePlacesTest */,
			);
		};
/* End PBXProject section */

/* Begin PBXResourcesBuildPhase section */
		3F7D33152A030503003532EB /* Resources */ = {
			isa = PBXResourcesBuildPhase;
			buildActionMask = 2147483647;
			files = (
				3F7D33232A030504003532EB /* Preview Assets.xcassets in Resources */,
				3F7D331F2A030504003532EB /* Assets.xcassets in Resources */,
			);
			runOnlyForDeploymentPostprocessing = 0;
		};
/* End PBXResourcesBuildPhase section */

/* Begin PBXSourcesBuildPhase section */
		3F7D33132A030503003532EB /* Sources */ = {
			isa = PBXSourcesBuildPhase;
			buildActionMask = 2147483647;
			files = (
				3F8229722A044E2C00662A00 /* PlacesListVM.swift in Sources */,
				3F8229772A04F30000662A00 /* HomeView.swift in Sources */,
				3F7D331D2A030503003532EB /* ContentView.swift in Sources */,
				3F82298F2A07C9AB00662A00 /* MapViewRepresentable.swift in Sources */,
				3F8229752A04558500662A00 /* AddPlaceView.swift in Sources */,
				3F8229792A0571A500662A00 /* LazyView.swift in Sources */,
				3F82297E2A0583A600662A00 /* FavoritePlacesTest.xcdatamodeld in Sources */,
				3F82296C2A04470300662A00 /* PlaceViewModel.swift in Sources */,
				3F82298D2A07C97A00662A00 /* TurnAroundView.swift in Sources */,
				3F82298B2A07C4D500662A00 /* LookAroundView.swift in Sources */,
				3F8229822A059BEC00662A00 /* PlaceDetailView.swift in Sources */,
				3F8229892A07C0FE00662A00 /* CarouselMapView.swift in Sources */,
				3F7D331B2A030503003532EB /* FavoritePlacesTestApp.swift in Sources */,
				3F8229702A04473100662A00 /* AddPlaceVM.swift in Sources */,
				3F8229932A07CE5C00662A00 /* MapView.swift in Sources */,
				3F82297B2A057B0A00662A00 /* LocationManager.swift in Sources */,
				3F8229802A05855F00662A00 /* CoreDataManager.swift in Sources */,
			);
			runOnlyForDeploymentPostprocessing = 0;
		};
/* End PBXSourcesBuildPhase section */

/* Begin XCBuildConfiguration section */
		3F7D33242A030504003532EB /* Debug */ = {
			isa = XCBuildConfiguration;
			buildSettings = {
				ALWAYS_SEARCH_USER_PATHS = NO;
				CLANG_ANALYZER_NONNULL = YES;
				CLANG_ANALYZER_NUMBER_OBJECT_CONVERSION = YES_AGGRESSIVE;
				CLANG_CXX_LANGUAGE_STANDARD = "gnu++20";
				CLANG_ENABLE_MODULES = YES;
				CLANG_ENABLE_OBJC_ARC = YES;
				CLANG_ENABLE_OBJC_WEAK = YES;
				CLANG_WARN_BLOCK_CAPTURE_AUTORELEASING = YES;
				CLANG_WARN_BOOL_CONVERSION = YES;
				CLANG_WARN_COMMA = YES;
				CLANG_WARN_CONSTANT_CONVERSION = YES;
				CLANG_WARN_DEPRECATED_OBJC_IMPLEMENTATIONS = YES;
				CLANG_WARN_DIRECT_OBJC_ISA_USAGE = YES_ERROR;
				CLANG_WARN_DOCUMENTATION_COMMENTS = YES;
				CLANG_WARN_EMPTY_BODY = YES;
				CLANG_WARN_ENUM_CONVERSION = YES;
				CLANG_WARN_INFINITE_RECURSION = YES;
				CLANG_WARN_INT_CONVERSION = YES;
				CLANG_WARN_NON_LITERAL_NULL_CONVERSION = YES;
				CLANG_WARN_OBJC_IMPLICIT_RETAIN_SELF = YES;
				CLANG_WARN_OBJC_LITERAL_CONVERSION = YES;
				CLANG_WARN_OBJC_ROOT_CLASS = YES_ERROR;
				CLANG_WARN_QUOTED_INCLUDE_IN_FRAMEWORK_HEADER = YES;
				CLANG_WARN_RANGE_LOOP_ANALYSIS = YES;
				CLANG_WARN_STRICT_PROTOTYPES = YES;
				CLANG_WARN_SUSPICIOUS_MOVE = YES;
				CLANG_WARN_UNGUARDED_AVAILABILITY = YES_AGGRESSIVE;
				CLANG_WARN_UNREACHABLE_CODE = YES;
				CLANG_WARN__DUPLICATE_METHOD_MATCH = YES;
				COPY_PHASE_STRIP = NO;
				DEBUG_INFORMATION_FORMAT = dwarf;
				ENABLE_STRICT_OBJC_MSGSEND = YES;
				ENABLE_TESTABILITY = YES;
				GCC_C_LANGUAGE_STANDARD = gnu11;
				GCC_DYNAMIC_NO_PIC = NO;
				GCC_NO_COMMON_BLOCKS = YES;
				GCC_OPTIMIZATION_LEVEL = 0;
				GCC_PREPROCESSOR_DEFINITIONS = (
					"DEBUG=1",
					"$(inherited)",
				);
				GCC_WARN_64_TO_32_BIT_CONVERSION = YES;
				GCC_WARN_ABOUT_RETURN_TYPE = YES_ERROR;
				GCC_WARN_UNDECLARED_SELECTOR = YES;
				GCC_WARN_UNINITIALIZED_AUTOS = YES_AGGRESSIVE;
				GCC_WARN_UNUSED_FUNCTION = YES;
				GCC_WARN_UNUSED_VARIABLE = YES;
				MTL_ENABLE_DEBUG_INFO = INCLUDE_SOURCE;
				MTL_FAST_MATH = YES;
				ONLY_ACTIVE_ARCH = YES;
				SWIFT_ACTIVE_COMPILATION_CONDITIONS = DEBUG;
				SWIFT_OPTIMIZATION_LEVEL = "-Onone";
			};
			name = Debug;
		};
		3F7D33252A030504003532EB /* Release */ = {
			isa = XCBuildConfiguration;
			buildSettings = {
				ALWAYS_SEARCH_USER_PATHS = NO;
				CLANG_ANALYZER_NONNULL = YES;
				CLANG_ANALYZER_NUMBER_OBJECT_CONVERSION = YES_AGGRESSIVE;
				CLANG_CXX_LANGUAGE_STANDARD = "gnu++20";
				CLANG_ENABLE_MODULES = YES;
				CLANG_ENABLE_OBJC_ARC = YES;
				CLANG_ENABLE_OBJC_WEAK = YES;
				CLANG_WARN_BLOCK_CAPTURE_AUTORELEASING = YES;
				CLANG_WARN_BOOL_CONVERSION = YES;
				CLANG_WARN_COMMA = YES;
				CLANG_WARN_CONSTANT_CONVERSION = YES;
				CLANG_WARN_DEPRECATED_OBJC_IMPLEMENTATIONS = YES;
				CLANG_WARN_DIRECT_OBJC_ISA_USAGE = YES_ERROR;
				CLANG_WARN_DOCUMENTATION_COMMENTS = YES;
				CLANG_WARN_EMPTY_BODY = YES;
				CLANG_WARN_ENUM_CONVERSION = YES;
				CLANG_WARN_INFINITE_RECURSION = YES;
				CLANG_WARN_INT_CONVERSION = YES;
				CLANG_WARN_NON_LITERAL_NULL_CONVERSION = YES;
				CLANG_WARN_OBJC_IMPLICIT_RETAIN_SELF = YES;
				CLANG_WARN_OBJC_LITERAL_CONVERSION = YES;
				CLANG_WARN_OBJC_ROOT_CLASS = YES_ERROR;
				CLANG_WARN_QUOTED_INCLUDE_IN_FRAMEWORK_HEADER = YES;
				CLANG_WARN_RANGE_LOOP_ANALYSIS = YES;
				CLANG_WARN_STRICT_PROTOTYPES = YES;
				CLANG_WARN_SUSPICIOUS_MOVE = YES;
				CLANG_WARN_UNGUARDED_AVAILABILITY = YES_AGGRESSIVE;
				CLANG_WARN_UNREACHABLE_CODE = YES;
				CLANG_WARN__DUPLICATE_METHOD_MATCH = YES;
				COPY_PHASE_STRIP = NO;
				DEBUG_INFORMATION_FORMAT = "dwarf-with-dsym";
				ENABLE_NS_ASSERTIONS = NO;
				ENABLE_STRICT_OBJC_MSGSEND = YES;
				GCC_C_LANGUAGE_STANDARD = gnu11;
				GCC_NO_COMMON_BLOCKS = YES;
				GCC_WARN_64_TO_32_BIT_CONVERSION = YES;
				GCC_WARN_ABOUT_RETURN_TYPE = YES_ERROR;
				GCC_WARN_UNDECLARED_SELECTOR = YES;
				GCC_WARN_UNINITIALIZED_AUTOS = YES_AGGRESSIVE;
				GCC_WARN_UNUSED_FUNCTION = YES;
				GCC_WARN_UNUSED_VARIABLE = YES;
				MTL_ENABLE_DEBUG_INFO = NO;
				MTL_FAST_MATH = YES;
				SWIFT_COMPILATION_MODE = wholemodule;
				SWIFT_OPTIMIZATION_LEVEL = "-O";
			};
			name = Release;
		};
		3F7D33272A030504003532EB /* Debug */ = {
			isa = XCBuildConfiguration;
			buildSettings = {
				ASSETCATALOG_COMPILER_APPICON_NAME = AppIcon;
				ASSETCATALOG_COMPILER_GLOBAL_ACCENT_COLOR_NAME = AccentColor;
				CODE_SIGN_ENTITLEMENTS = FavoritePlacesTest/FavoritePlacesTest.entitlements;
				CODE_SIGN_STYLE = Automatic;
				CURRENT_PROJECT_VERSION = 1;
				DEVELOPMENT_ASSET_PATHS = "\"FavoritePlacesTest/Preview Content\"";
				DEVELOPMENT_TEAM = PFVCA649R3;
				ENABLE_HARDENED_RUNTIME = YES;
				ENABLE_PREVIEWS = YES;
				GENERATE_INFOPLIST_FILE = YES;
				INFOPLIST_KEY_NSLocationUsageDescription = "Bo tak!";
				INFOPLIST_KEY_NSLocationWhenInUseUsageDescription = "Bo tak!";
				"INFOPLIST_KEY_UIApplicationSceneManifest_Generation[sdk=iphoneos*]" = YES;
				"INFOPLIST_KEY_UIApplicationSceneManifest_Generation[sdk=iphonesimulator*]" = YES;
				"INFOPLIST_KEY_UIApplicationSupportsIndirectInputEvents[sdk=iphoneos*]" = YES;
				"INFOPLIST_KEY_UIApplicationSupportsIndirectInputEvents[sdk=iphonesimulator*]" = YES;
				"INFOPLIST_KEY_UILaunchScreen_Generation[sdk=iphoneos*]" = YES;
				"INFOPLIST_KEY_UILaunchScreen_Generation[sdk=iphonesimulator*]" = YES;
				"INFOPLIST_KEY_UIStatusBarStyle[sdk=iphoneos*]" = UIStatusBarStyleDefault;
				"INFOPLIST_KEY_UIStatusBarStyle[sdk=iphonesimulator*]" = UIStatusBarStyleDefault;
				INFOPLIST_KEY_UISupportedInterfaceOrientations_iPad = "UIInterfaceOrientationPortrait UIInterfaceOrientationPortraitUpsideDown UIInterfaceOrientationLandscapeLeft UIInterfaceOrientationLandscapeRight";
				INFOPLIST_KEY_UISupportedInterfaceOrientations_iPhone = "UIInterfaceOrientationPortrait UIInterfaceOrientationLandscapeLeft UIInterfaceOrientationLandscapeRight";
				IPHONEOS_DEPLOYMENT_TARGET = 16.4;
				LD_RUNPATH_SEARCH_PATHS = "@executable_path/Frameworks";
				"LD_RUNPATH_SEARCH_PATHS[sdk=macosx*]" = "@executable_path/../Frameworks";
				MACOSX_DEPLOYMENT_TARGET = 13.3;
				MARKETING_VERSION = 1.0;
				PRODUCT_BUNDLE_IDENTIFIER = com.kashiash.FavoritePlacesTest;
				PRODUCT_NAME = "$(TARGET_NAME)";
				SDKROOT = auto;
				SUPPORTED_PLATFORMS = "iphoneos iphonesimulator macosx";
				SWIFT_EMIT_LOC_STRINGS = YES;
				SWIFT_VERSION = 5.0;
				TARGETED_DEVICE_FAMILY = "1,2";
			};
			name = Debug;
		};
		3F7D33282A030504003532EB /* Release */ = {
			isa = XCBuildConfiguration;
			buildSettings = {
				ASSETCATALOG_COMPILER_APPICON_NAME = AppIcon;
				ASSETCATALOG_COMPILER_GLOBAL_ACCENT_COLOR_NAME = AccentColor;
				CODE_SIGN_ENTITLEMENTS = FavoritePlacesTest/FavoritePlacesTest.entitlements;
				CODE_SIGN_STYLE = Automatic;
				CURRENT_PROJECT_VERSION = 1;
				DEVELOPMENT_ASSET_PATHS = "\"FavoritePlacesTest/Preview Content\"";
				DEVELOPMENT_TEAM = PFVCA649R3;
				ENABLE_HARDENED_RUNTIME = YES;
				ENABLE_PREVIEWS = YES;
				GENERATE_INFOPLIST_FILE = YES;
				INFOPLIST_KEY_NSLocationUsageDescription = "Bo tak!";
				INFOPLIST_KEY_NSLocationWhenInUseUsageDescription = "Bo tak!";
				"INFOPLIST_KEY_UIApplicationSceneManifest_Generation[sdk=iphoneos*]" = YES;
				"INFOPLIST_KEY_UIApplicationSceneManifest_Generation[sdk=iphonesimulator*]" = YES;
				"INFOPLIST_KEY_UIApplicationSupportsIndirectInputEvents[sdk=iphoneos*]" = YES;
				"INFOPLIST_KEY_UIApplicationSupportsIndirectInputEvents[sdk=iphonesimulator*]" = YES;
				"INFOPLIST_KEY_UILaunchScreen_Generation[sdk=iphoneos*]" = YES;
				"INFOPLIST_KEY_UILaunchScreen_Generation[sdk=iphonesimulator*]" = YES;
				"INFOPLIST_KEY_UIStatusBarStyle[sdk=iphoneos*]" = UIStatusBarStyleDefault;
				"INFOPLIST_KEY_UIStatusBarStyle[sdk=iphonesimulator*]" = UIStatusBarStyleDefault;
				INFOPLIST_KEY_UISupportedInterfaceOrientations_iPad = "UIInterfaceOrientationPortrait UIInterfaceOrientationPortraitUpsideDown UIInterfaceOrientationLandscapeLeft UIInterfaceOrientationLandscapeRight";
				INFOPLIST_KEY_UISupportedInterfaceOrientations_iPhone = "UIInterfaceOrientationPortrait UIInterfaceOrientationLandscapeLeft UIInterfaceOrientationLandscapeRight";
				IPHONEOS_DEPLOYMENT_TARGET = 16.4;
				LD_RUNPATH_SEARCH_PATHS = "@executable_path/Frameworks";
				"LD_RUNPATH_SEARCH_PATHS[sdk=macosx*]" = "@executable_path/../Frameworks";
				MACOSX_DEPLOYMENT_TARGET = 13.3;
				MARKETING_VERSION = 1.0;
				PRODUCT_BUNDLE_IDENTIFIER = com.kashiash.FavoritePlacesTest;
				PRODUCT_NAME = "$(TARGET_NAME)";
				SDKROOT = auto;
				SUPPORTED_PLATFORMS = "iphoneos iphonesimulator macosx";
				SWIFT_EMIT_LOC_STRINGS = YES;
				SWIFT_VERSION = 5.0;
				TARGETED_DEVICE_FAMILY = "1,2";
			};
			name = Release;
		};
/* End XCBuildConfiguration section */

/* Begin XCConfigurationList section */
		3F7D33122A030503003532EB /* Build configuration list for PBXProject "FavoritePlacesTest" */ = {
			isa = XCConfigurationList;
			buildConfigurations = (
				3F7D33242A030504003532EB /* Debug */,
				3F7D33252A030504003532EB /* Release */,
			);
			defaultConfigurationIsVisible = 0;
			defaultConfigurationName = Release;
		};
		3F7D33262A030504003532EB /* Build configuration list for PBXNativeTarget "FavoritePlacesTest" */ = {
			isa = XCConfigurationList;
			buildConfigurations = (
				3F7D33272A030504003532EB /* Debug */,
				3F7D33282A030504003532EB /* Release */,
			);
			defaultConfigurationIsVisible = 0;
			defaultConfigurationName = Release;
		};
/* End XCConfigurationList section */

/* Begin XCVersionGroup section */
		3F82297C2A0583A600662A00 /* FavoritePlacesTest.xcdatamodeld */ = {
			isa = XCVersionGroup;
			children = (
				3F82297D2A0583A600662A00 /* FavoritePlacesTest.xcdatamodel */,
			);
			currentVersion = 3F82297D2A0583A600662A00 /* FavoritePlacesTest.xcdatamodel */;
			path = FavoritePlacesTest.xcdatamodeld;
			sourceTree = "<group>";
			versionGroupType = wrapper.xcdatamodel;
		};
/* End XCVersionGroup section */
	};
	rootObject = 3F7D330F2A030503003532EB /* Project object */;
}
